
Microsoft Visual Studio Solution File, Format Version 12.00
# Visual Studio Version 17
VisualStudioVersion = 17.6.33815.320
MinimumVisualStudioVersion = 10.0.40219.1
Project("{FAE04EC0-301F-11D3-BF4B-00C04F79EFBC}") = "ObjectGraph", "ObjectGraph.csproj", "{0AAAA3CA-864E-4668-ABB5-31EDF2A06A9A}"
EndProject
Global
	GlobalSection(SolutionConfigurationPlatforms) = preSolution
		Debug|Any CPU = Debug|Any CPU
		Release|Any CPU = Release|Any CPU
	EndGlobalSection
	GlobalSection(ProjectConfigurationPlatforms) = postSolution
		{0AAAA3CA-864E-4668-ABB5-31EDF2A06A9A}.Debug|Any CPU.ActiveCfg = Debug|Any CPU
		{0AAAA3CA-864E-4668-ABB5-31EDF2A06A9A}.Debug|Any CPU.Build.0 = Debug|Any CPU
		{0AAAA3CA-864E-4668-ABB5-31EDF2A06A9A}.Release|Any CPU.ActiveCfg = Release|Any CPU
		{0AAAA3CA-864E-4668-ABB5-31EDF2A06A9A}.Release|Any CPU.Build.0 = Release|Any CPU
	EndGlobalSection
	GlobalSection(SolutionProperties) = preSolution
		HideSolutionNode = FALSE
	EndGlobalSection
	GlobalSection(ExtensibilityGlobals) = postSolution
		SolutionGuid = {D19F7094-94F0-4B07-A3DB-7F24BB9BFADB}
	EndGlobalSection
EndGlobal
